// !$*UTF8*$!
{
	archiveVersion = 1;
	classes = {
	};
	objectVersion = 56;
	objects = {

/* Begin PBXBuildFile section */
		00F1E97429DC55DB00F5FBF7 /* CustomButton.swift in Sources */ = {isa = PBXBuildFile; fileRef = 00F1E97329DC55DB00F5FBF7 /* CustomButton.swift */; };
		57E6209829DB4BFF00260AF5 /* CustomTabBarController.swift in Sources */ = {isa = PBXBuildFile; fileRef = 57E6209729DB4BFF00260AF5 /* CustomTabBarController.swift */; };
		63E01F7929DBEFED0010C6C7 /* TextFieldWithLabel.swift in Sources */ = {isa = PBXBuildFile; fileRef = 63E01F7829DBEFED0010C6C7 /* TextFieldWithLabel.swift */; };
		8708DB7929DC078300CEED97 /* PlusJakartaSans-SemiBold.ttf in Resources */ = {isa = PBXBuildFile; fileRef = 8708DB7829DC078300CEED97 /* PlusJakartaSans-SemiBold.ttf */; };
		8727A1CB29DB00B400C3D087 /* GoogleButton.swift in Sources */ = {isa = PBXBuildFile; fileRef = 8727A1CA29DB00B400C3D087 /* GoogleButton.swift */; };
		87B2286229DD756A0088AF8F /* CategoryCell.swift in Sources */ = {isa = PBXBuildFile; fileRef = 87B2286129DD756A0088AF8F /* CategoryCell.swift */; };
		87B2286429DD76020088AF8F /* RecentWatchView.swift in Sources */ = {isa = PBXBuildFile; fileRef = 87B2286329DD76020088AF8F /* RecentWatchView.swift */; };
		87B2286629DD9FB10088AF8F /* Montserrat.ttf in Resources */ = {isa = PBXBuildFile; fileRef = 87B2286529DD9FB10088AF8F /* Montserrat.ttf */; };
		8E06F09F29DB5335006B2DED /* SearchTextField.swift in Sources */ = {isa = PBXBuildFile; fileRef = 8E06F09E29DB5335006B2DED /* SearchTextField.swift */; };
		B551394829DC9717005CD307 /* UIView + ext.swift in Sources */ = {isa = PBXBuildFile; fileRef = B551394729DC9717005CD307 /* UIView + ext.swift */; };
		B551394C29DCA817005CD307 /* FavoriteViewController.swift in Sources */ = {isa = PBXBuildFile; fileRef = B551394B29DCA817005CD307 /* FavoriteViewController.swift */; };
		B551394F29DCA886005CD307 /* RecantWatchViewController.swift in Sources */ = {isa = PBXBuildFile; fileRef = B551394E29DCA886005CD307 /* RecantWatchViewController.swift */; };
		B551395529DDEDD4005CD307 /* TextFieldWithLabelStack.swift in Sources */ = {isa = PBXBuildFile; fileRef = B551395429DDEDD4005CD307 /* TextFieldWithLabelStack.swift */; };
		B551395829DDFD98005CD307 /* MovieModel.swift in Sources */ = {isa = PBXBuildFile; fileRef = B551395729DDFD98005CD307 /* MovieModel.swift */; };
		B551395A29DDFDC9005CD307 /* ApiKey.swift in Sources */ = {isa = PBXBuildFile; fileRef = B551395929DDFDC9005CD307 /* ApiKey.swift */; };
		B551395C29DDFF99005CD307 /* ApiError.swift in Sources */ = {isa = PBXBuildFile; fileRef = B551395B29DDFF99005CD307 /* ApiError.swift */; };
		B551396429DECDD9005CD307 /* PlusJakartaSans-Medium.ttf in Resources */ = {isa = PBXBuildFile; fileRef = B551395F29DECDD9005CD307 /* PlusJakartaSans-Medium.ttf */; };
		B551396529DECDD9005CD307 /* PlusJakartaSans-Bold.ttf in Resources */ = {isa = PBXBuildFile; fileRef = B551396029DECDD9005CD307 /* PlusJakartaSans-Bold.ttf */; };
		B551396629DECDD9005CD307 /* PlusJakartaSans-Light.ttf in Resources */ = {isa = PBXBuildFile; fileRef = B551396129DECDD9005CD307 /* PlusJakartaSans-Light.ttf */; };
		B551396729DECDD9005CD307 /* PlusJakartaSans-Italic.ttf in Resources */ = {isa = PBXBuildFile; fileRef = B551396229DECDD9005CD307 /* PlusJakartaSans-Italic.ttf */; };
		B551396829DECDD9005CD307 /* PlusJakartaSans-Regular.ttf in Resources */ = {isa = PBXBuildFile; fileRef = B551396329DECDD9005CD307 /* PlusJakartaSans-Regular.ttf */; };
		B551396A29DED5BE005CD307 /* UIFont + ext.swift in Sources */ = {isa = PBXBuildFile; fileRef = B551396929DED5BE005CD307 /* UIFont + ext.swift */; };
		B5B1D16D29D9D7B0006966FF /* AppDelegate.swift in Sources */ = {isa = PBXBuildFile; fileRef = B5B1D16C29D9D7B0006966FF /* AppDelegate.swift */; };
		B5B1D16F29D9D7B0006966FF /* SceneDelegate.swift in Sources */ = {isa = PBXBuildFile; fileRef = B5B1D16E29D9D7B0006966FF /* SceneDelegate.swift */; };
		B5B1D17129D9D7B0006966FF /* ViewController.swift in Sources */ = {isa = PBXBuildFile; fileRef = B5B1D17029D9D7B0006966FF /* ViewController.swift */; };
		B5B1D17629D9D7B1006966FF /* Assets.xcassets in Resources */ = {isa = PBXBuildFile; fileRef = B5B1D17529D9D7B1006966FF /* Assets.xcassets */; };
		B5B1D17929D9D7B1006966FF /* LaunchScreen.storyboard in Resources */ = {isa = PBXBuildFile; fileRef = B5B1D17729D9D7B1006966FF /* LaunchScreen.storyboard */; };
		B5B1D18429D9D90A006966FF /* Resource.swift in Sources */ = {isa = PBXBuildFile; fileRef = B5B1D18329D9D90A006966FF /* Resource.swift */; };
		B5B1D19329D9DC20006966FF /* OnBoardingScreenViewController.swift in Sources */ = {isa = PBXBuildFile; fileRef = B5B1D19229D9DC20006966FF /* OnBoardingScreenViewController.swift */; };
		B5B1D19529D9DC50006966FF /* RegisterViewController.swift in Sources */ = {isa = PBXBuildFile; fileRef = B5B1D19429D9DC50006966FF /* RegisterViewController.swift */; };
		B5B1D19729D9DC75006966FF /* LoginViewController.swift in Sources */ = {isa = PBXBuildFile; fileRef = B5B1D19629D9DC75006966FF /* LoginViewController.swift */; };
		B5B1D19929D9DC8E006966FF /* ProfileViewController.swift in Sources */ = {isa = PBXBuildFile; fileRef = B5B1D19829D9DC8E006966FF /* ProfileViewController.swift */; };
		B5B1D19B29D9DCAC006966FF /* SettingViewController.swift in Sources */ = {isa = PBXBuildFile; fileRef = B5B1D19A29D9DCAC006966FF /* SettingViewController.swift */; };
		B5B1D19D29D9DCCE006966FF /* MovieDetailViewController.swift in Sources */ = {isa = PBXBuildFile; fileRef = B5B1D19C29D9DCCE006966FF /* MovieDetailViewController.swift */; };
		B5B1D19F29D9DCFE006966FF /* FilterViewController.swift in Sources */ = {isa = PBXBuildFile; fileRef = B5B1D19E29D9DCFE006966FF /* FilterViewController.swift */; };
		B5B1D1A129D9DD1E006966FF /* ChangeAvatarViewController.swift in Sources */ = {isa = PBXBuildFile; fileRef = B5B1D1A029D9DD1E006966FF /* ChangeAvatarViewController.swift */; };
		B5B1D1A329D9DD4B006966FF /* MovieCell.swift in Sources */ = {isa = PBXBuildFile; fileRef = B5B1D1A229D9DD4B006966FF /* MovieCell.swift */; };
		B5B1D1A529D9DD77006966FF /* SearchViewController.swift in Sources */ = {isa = PBXBuildFile; fileRef = B5B1D1A429D9DD77006966FF /* SearchViewController.swift */; };
		B5B1D1A729D9DD8E006966FF /* HomeViewController.swift in Sources */ = {isa = PBXBuildFile; fileRef = B5B1D1A629D9DD8E006966FF /* HomeViewController.swift */; };
		B5B1D1A929D9DDA3006966FF /* NetworkService.swift in Sources */ = {isa = PBXBuildFile; fileRef = B5B1D1A829D9DDA3006966FF /* NetworkService.swift */; };
		B5B1D1AC29D9DDE3006966FF /* Kingfisher in Frameworks */ = {isa = PBXBuildFile; productRef = B5B1D1AB29D9DDE3006966FF /* Kingfisher */; };
		B5B1D1AF29D9DE83006966FF /* FirebaseAuth in Frameworks */ = {isa = PBXBuildFile; productRef = B5B1D1AE29D9DE83006966FF /* FirebaseAuth */; };
		B5B1D1B129D9DE83006966FF /* FirebaseFirestore in Frameworks */ = {isa = PBXBuildFile; productRef = B5B1D1B029D9DE83006966FF /* FirebaseFirestore */; };
		B5B1D1B329D9DE83006966FF /* FirebaseStorage in Frameworks */ = {isa = PBXBuildFile; productRef = B5B1D1B229D9DE83006966FF /* FirebaseStorage */; };
		B5B1D1B629D9FBB1006966FF /* SnapKit in Frameworks */ = {isa = PBXBuildFile; productRef = B5B1D1B529D9FBB1006966FF /* SnapKit */; };
		B5B6B14E29DC47C500F79E98 /* LogOutTemplateButton.swift in Sources */ = {isa = PBXBuildFile; fileRef = B5B6B14D29DC47C500F79E98 /* LogOutTemplateButton.swift */; };
		B5B6B15029DC688C00F79E98 /* TestComponentsViewController.swift in Sources */ = {isa = PBXBuildFile; fileRef = B5B6B14F29DC688C00F79E98 /* TestComponentsViewController.swift */; };
		D4022D1487FF89F97179087C /* Pods_ch_3_MovieWatcher.framework in Frameworks */ = {isa = PBXBuildFile; fileRef = 359A23F88600928C5A777E35 /* Pods_ch_3_MovieWatcher.framework */; };
/* End PBXBuildFile section */

/* Begin PBXFileReference section */
		00F1E97329DC55DB00F5FBF7 /* CustomButton.swift */ = {isa = PBXFileReference; lastKnownFileType = sourcecode.swift; path = CustomButton.swift; sourceTree = "<group>"; };
		359A23F88600928C5A777E35 /* Pods_ch_3_MovieWatcher.framework */ = {isa = PBXFileReference; explicitFileType = wrapper.framework; includeInIndex = 0; path = Pods_ch_3_MovieWatcher.framework; sourceTree = BUILT_PRODUCTS_DIR; };
		57E6209729DB4BFF00260AF5 /* CustomTabBarController.swift */ = {isa = PBXFileReference; lastKnownFileType = sourcecode.swift; path = CustomTabBarController.swift; sourceTree = "<group>"; };
		610D653D69895880F8210BB9 /* Pods-ch 3 MovieWatcher.debug.xcconfig */ = {isa = PBXFileReference; includeInIndex = 1; lastKnownFileType = text.xcconfig; name = "Pods-ch 3 MovieWatcher.debug.xcconfig"; path = "Target Support Files/Pods-ch 3 MovieWatcher/Pods-ch 3 MovieWatcher.debug.xcconfig"; sourceTree = "<group>"; };
		63E01F7829DBEFED0010C6C7 /* TextFieldWithLabel.swift */ = {isa = PBXFileReference; lastKnownFileType = sourcecode.swift; path = TextFieldWithLabel.swift; sourceTree = "<group>"; };
		8708DB7829DC078300CEED97 /* PlusJakartaSans-SemiBold.ttf */ = {isa = PBXFileReference; lastKnownFileType = file; path = "PlusJakartaSans-SemiBold.ttf"; sourceTree = "<group>"; };
		8727A1CA29DB00B400C3D087 /* GoogleButton.swift */ = {isa = PBXFileReference; lastKnownFileType = sourcecode.swift; path = GoogleButton.swift; sourceTree = "<group>"; };
		87B2286129DD756A0088AF8F /* CategoryCell.swift */ = {isa = PBXFileReference; lastKnownFileType = sourcecode.swift; path = CategoryCell.swift; sourceTree = "<group>"; };
		87B2286329DD76020088AF8F /* RecentWatchView.swift */ = {isa = PBXFileReference; lastKnownFileType = sourcecode.swift; path = RecentWatchView.swift; sourceTree = "<group>"; };
		87B2286529DD9FB10088AF8F /* Montserrat.ttf */ = {isa = PBXFileReference; lastKnownFileType = file; path = Montserrat.ttf; sourceTree = "<group>"; };
		8E06F09E29DB5335006B2DED /* SearchTextField.swift */ = {isa = PBXFileReference; lastKnownFileType = sourcecode.swift; path = SearchTextField.swift; sourceTree = "<group>"; };
		B551394729DC9717005CD307 /* UIView + ext.swift */ = {isa = PBXFileReference; lastKnownFileType = sourcecode.swift; path = "UIView + ext.swift"; sourceTree = "<group>"; };
		B551394B29DCA817005CD307 /* FavoriteViewController.swift */ = {isa = PBXFileReference; lastKnownFileType = sourcecode.swift; path = FavoriteViewController.swift; sourceTree = "<group>"; };
		B551394E29DCA886005CD307 /* RecantWatchViewController.swift */ = {isa = PBXFileReference; lastKnownFileType = sourcecode.swift; path = RecantWatchViewController.swift; sourceTree = "<group>"; };
		B551395429DDEDD4005CD307 /* TextFieldWithLabelStack.swift */ = {isa = PBXFileReference; fileEncoding = 4; lastKnownFileType = sourcecode.swift; path = TextFieldWithLabelStack.swift; sourceTree = "<group>"; };
		B551395729DDFD98005CD307 /* MovieModel.swift */ = {isa = PBXFileReference; lastKnownFileType = sourcecode.swift; path = MovieModel.swift; sourceTree = "<group>"; };
		B551395929DDFDC9005CD307 /* ApiKey.swift */ = {isa = PBXFileReference; lastKnownFileType = sourcecode.swift; path = ApiKey.swift; sourceTree = "<group>"; };
		B551395B29DDFF99005CD307 /* ApiError.swift */ = {isa = PBXFileReference; lastKnownFileType = sourcecode.swift; path = ApiError.swift; sourceTree = "<group>"; };
		B551395F29DECDD9005CD307 /* PlusJakartaSans-Medium.ttf */ = {isa = PBXFileReference; lastKnownFileType = file; path = "PlusJakartaSans-Medium.ttf"; sourceTree = "<group>"; };
		B551396029DECDD9005CD307 /* PlusJakartaSans-Bold.ttf */ = {isa = PBXFileReference; lastKnownFileType = file; path = "PlusJakartaSans-Bold.ttf"; sourceTree = "<group>"; };
		B551396129DECDD9005CD307 /* PlusJakartaSans-Light.ttf */ = {isa = PBXFileReference; lastKnownFileType = file; path = "PlusJakartaSans-Light.ttf"; sourceTree = "<group>"; };
		B551396229DECDD9005CD307 /* PlusJakartaSans-Italic.ttf */ = {isa = PBXFileReference; lastKnownFileType = file; path = "PlusJakartaSans-Italic.ttf"; sourceTree = "<group>"; };
		B551396329DECDD9005CD307 /* PlusJakartaSans-Regular.ttf */ = {isa = PBXFileReference; lastKnownFileType = file; path = "PlusJakartaSans-Regular.ttf"; sourceTree = "<group>"; };
		B551396929DED5BE005CD307 /* UIFont + ext.swift */ = {isa = PBXFileReference; lastKnownFileType = sourcecode.swift; path = "UIFont + ext.swift"; sourceTree = "<group>"; };
		B5B1D16929D9D7B0006966FF /* ch 3 MovieWatcher.app */ = {isa = PBXFileReference; explicitFileType = wrapper.application; includeInIndex = 0; path = "ch 3 MovieWatcher.app"; sourceTree = BUILT_PRODUCTS_DIR; };
		B5B1D16C29D9D7B0006966FF /* AppDelegate.swift */ = {isa = PBXFileReference; lastKnownFileType = sourcecode.swift; path = AppDelegate.swift; sourceTree = "<group>"; };
		B5B1D16E29D9D7B0006966FF /* SceneDelegate.swift */ = {isa = PBXFileReference; lastKnownFileType = sourcecode.swift; path = SceneDelegate.swift; sourceTree = "<group>"; };
		B5B1D17029D9D7B0006966FF /* ViewController.swift */ = {isa = PBXFileReference; lastKnownFileType = sourcecode.swift; path = ViewController.swift; sourceTree = "<group>"; };
		B5B1D17529D9D7B1006966FF /* Assets.xcassets */ = {isa = PBXFileReference; lastKnownFileType = folder.assetcatalog; path = Assets.xcassets; sourceTree = "<group>"; };
		B5B1D17829D9D7B1006966FF /* Base */ = {isa = PBXFileReference; lastKnownFileType = file.storyboard; name = Base; path = Base.lproj/LaunchScreen.storyboard; sourceTree = "<group>"; };
		B5B1D17A29D9D7B1006966FF /* Info.plist */ = {isa = PBXFileReference; lastKnownFileType = text.plist.xml; path = Info.plist; sourceTree = "<group>"; };
		B5B1D18329D9D90A006966FF /* Resource.swift */ = {isa = PBXFileReference; lastKnownFileType = sourcecode.swift; path = Resource.swift; sourceTree = "<group>"; };
		B5B1D19229D9DC20006966FF /* OnBoardingScreenViewController.swift */ = {isa = PBXFileReference; lastKnownFileType = sourcecode.swift; path = OnBoardingScreenViewController.swift; sourceTree = "<group>"; };
		B5B1D19429D9DC50006966FF /* RegisterViewController.swift */ = {isa = PBXFileReference; lastKnownFileType = sourcecode.swift; path = RegisterViewController.swift; sourceTree = "<group>"; };
		B5B1D19629D9DC75006966FF /* LoginViewController.swift */ = {isa = PBXFileReference; lastKnownFileType = sourcecode.swift; path = LoginViewController.swift; sourceTree = "<group>"; };
		B5B1D19829D9DC8E006966FF /* ProfileViewController.swift */ = {isa = PBXFileReference; lastKnownFileType = sourcecode.swift; path = ProfileViewController.swift; sourceTree = "<group>"; };
		B5B1D19A29D9DCAC006966FF /* SettingViewController.swift */ = {isa = PBXFileReference; lastKnownFileType = sourcecode.swift; path = SettingViewController.swift; sourceTree = "<group>"; };
		B5B1D19C29D9DCCE006966FF /* MovieDetailViewController.swift */ = {isa = PBXFileReference; lastKnownFileType = sourcecode.swift; path = MovieDetailViewController.swift; sourceTree = "<group>"; };
		B5B1D19E29D9DCFE006966FF /* FilterViewController.swift */ = {isa = PBXFileReference; lastKnownFileType = sourcecode.swift; path = FilterViewController.swift; sourceTree = "<group>"; };
		B5B1D1A029D9DD1E006966FF /* ChangeAvatarViewController.swift */ = {isa = PBXFileReference; lastKnownFileType = sourcecode.swift; path = ChangeAvatarViewController.swift; sourceTree = "<group>"; };
		B5B1D1A229D9DD4B006966FF /* MovieCell.swift */ = {isa = PBXFileReference; lastKnownFileType = sourcecode.swift; path = MovieCell.swift; sourceTree = "<group>"; };
		B5B1D1A429D9DD77006966FF /* SearchViewController.swift */ = {isa = PBXFileReference; lastKnownFileType = sourcecode.swift; path = SearchViewController.swift; sourceTree = "<group>"; };
		B5B1D1A629D9DD8E006966FF /* HomeViewController.swift */ = {isa = PBXFileReference; lastKnownFileType = sourcecode.swift; path = HomeViewController.swift; sourceTree = "<group>"; };
		B5B1D1A829D9DDA3006966FF /* NetworkService.swift */ = {isa = PBXFileReference; lastKnownFileType = sourcecode.swift; path = NetworkService.swift; sourceTree = "<group>"; };
		B5B6B14D29DC47C500F79E98 /* LogOutTemplateButton.swift */ = {isa = PBXFileReference; lastKnownFileType = sourcecode.swift; path = LogOutTemplateButton.swift; sourceTree = "<group>"; };
		B5B6B14F29DC688C00F79E98 /* TestComponentsViewController.swift */ = {isa = PBXFileReference; lastKnownFileType = sourcecode.swift; path = TestComponentsViewController.swift; sourceTree = "<group>"; };
		D4C9D26B5DDDFDA94E958ED2 /* Pods-ch 3 MovieWatcher.release.xcconfig */ = {isa = PBXFileReference; includeInIndex = 1; lastKnownFileType = text.xcconfig; name = "Pods-ch 3 MovieWatcher.release.xcconfig"; path = "Target Support Files/Pods-ch 3 MovieWatcher/Pods-ch 3 MovieWatcher.release.xcconfig"; sourceTree = "<group>"; };
/* End PBXFileReference section */

/* Begin PBXFrameworksBuildPhase section */
		B5B1D16629D9D7B0006966FF /* Frameworks */ = {
			isa = PBXFrameworksBuildPhase;
			buildActionMask = 2147483647;
			files = (
				B5B1D1AC29D9DDE3006966FF /* Kingfisher in Frameworks */,
				B5B1D1B329D9DE83006966FF /* FirebaseStorage in Frameworks */,
				B5B1D1AF29D9DE83006966FF /* FirebaseAuth in Frameworks */,
				B5B1D1B129D9DE83006966FF /* FirebaseFirestore in Frameworks */,
				B5B1D1B629D9FBB1006966FF /* SnapKit in Frameworks */,
				D4022D1487FF89F97179087C /* Pods_ch_3_MovieWatcher.framework in Frameworks */,
			);
			runOnlyForDeploymentPostprocessing = 0;
		};
/* End PBXFrameworksBuildPhase section */

/* Begin PBXGroup section */
		8708DB7729DC076100CEED97 /* Fonts */ = {
			isa = PBXGroup;
			children = (
				B551396029DECDD9005CD307 /* PlusJakartaSans-Bold.ttf */,
				8708DB7829DC078300CEED97 /* PlusJakartaSans-SemiBold.ttf */,
				B551396229DECDD9005CD307 /* PlusJakartaSans-Italic.ttf */,
				B551396129DECDD9005CD307 /* PlusJakartaSans-Light.ttf */,
				B551395F29DECDD9005CD307 /* PlusJakartaSans-Medium.ttf */,
				B551396329DECDD9005CD307 /* PlusJakartaSans-Regular.ttf */,
				87B2286529DD9FB10088AF8F /* Montserrat.ttf */,
			);
			path = Fonts;
			sourceTree = "<group>";
		};
		B551394929DC98B9005CD307 /* Extansions */ = {
			isa = PBXGroup;
			children = (
				B551394729DC9717005CD307 /* UIView + ext.swift */,
				B551396929DED5BE005CD307 /* UIFont + ext.swift */,
			);
			path = Extansions;
			sourceTree = "<group>";
		};
		B551394A29DCA756005CD307 /* FavoriteScreen */ = {
			isa = PBXGroup;
			children = (
				B551394B29DCA817005CD307 /* FavoriteViewController.swift */,
			);
			path = FavoriteScreen;
			sourceTree = "<group>";
		};
		B551394D29DCA87A005CD307 /* RecentWatchScreen */ = {
			isa = PBXGroup;
			children = (
				B551394E29DCA886005CD307 /* RecantWatchViewController.swift */,
				87B2286329DD76020088AF8F /* RecentWatchView.swift */,
			);
			path = RecentWatchScreen;
			sourceTree = "<group>";
		};
		B551395629DDFD7E005CD307 /* Models */ = {
			isa = PBXGroup;
			children = (
				B551395729DDFD98005CD307 /* MovieModel.swift */,
				B551395B29DDFF99005CD307 /* ApiError.swift */,
			);
			path = Models;
			sourceTree = "<group>";
		};
		B5B1D16029D9D7B0006966FF = {
			isa = PBXGroup;
			children = (
				B5B1D16B29D9D7B0006966FF /* ch 3 MovieWatcher */,
				C9B9F91534EAC03D42F01CA1 /* Pods */,
				B5B1D16A29D9D7B0006966FF /* Products */,
				F52403CAC45A47E1646FF26A /* Frameworks */,
			);
			sourceTree = "<group>";
		};
		B5B1D16A29D9D7B0006966FF /* Products */ = {
			isa = PBXGroup;
			children = (
				B5B1D16929D9D7B0006966FF /* ch 3 MovieWatcher.app */,
			);
			name = Products;
			sourceTree = "<group>";
		};
		B5B1D16B29D9D7B0006966FF /* ch 3 MovieWatcher */ = {
			isa = PBXGroup;
			children = (
				B5B1D18029D9D7C0006966FF /* Application */,
				B5B1D17029D9D7B0006966FF /* ViewController.swift */,
				B551394D29DCA87A005CD307 /* RecentWatchScreen */,
				B551394A29DCA756005CD307 /* FavoriteScreen */,
				57E6209729DB4BFF00260AF5 /* CustomTabBarController.swift */,
				B5B1D18D29D9DA87006966FF /* Cell */,
				B5B1D1B729DA0787006966FF /* Components */,
				B551395629DDFD7E005CD307 /* Models */,
				B5B1D19029D9DB9A006966FF /* Service */,
				B5B1D18E29D9DB45006966FF /* HomeScreen */,
				B5B1D18C29D9DA75006966FF /* SearchScreen */,
				B5B1D18B29D9DA06006966FF /* ChangeAvatarView */,
				B5B1D18A29D9D9F7006966FF /* FilterView */,
				B5B1D18929D9D9CE006966FF /* MovieDetailScreen */,
				B5B1D18729D9D991006966FF /* SettingScreen */,
				B5B1D18829D9D9AD006966FF /* ProfileScreen */,
				B5B1D18629D9D974006966FF /* LoginScreen */,
				B5B1D19129D9DBD8006966FF /* RegisterScreen */,
				B5B1D18529D9D96D006966FF /* OnBoardingScreen */,
				B5B1D18129D9D7F4006966FF /* Resource */,
				B551394929DC98B9005CD307 /* Extansions */,
				B5B1D18229D9D83A006966FF /* Supporting */,
			);
			path = "ch 3 MovieWatcher";
			sourceTree = "<group>";
		};
		B5B1D18029D9D7C0006966FF /* Application */ = {
			isa = PBXGroup;
			children = (
				B5B1D16C29D9D7B0006966FF /* AppDelegate.swift */,
				B5B1D16E29D9D7B0006966FF /* SceneDelegate.swift */,
			);
			path = Application;
			sourceTree = "<group>";
		};
		B5B1D18129D9D7F4006966FF /* Resource */ = {
			isa = PBXGroup;
			children = (
				B5B1D18329D9D90A006966FF /* Resource.swift */,
				8708DB7729DC076100CEED97 /* Fonts */,
			);
			path = Resource;
			sourceTree = "<group>";
		};
		B5B1D18229D9D83A006966FF /* Supporting */ = {
			isa = PBXGroup;
			children = (
				B5B1D17729D9D7B1006966FF /* LaunchScreen.storyboard */,
				B5B1D17529D9D7B1006966FF /* Assets.xcassets */,
				B5B1D17A29D9D7B1006966FF /* Info.plist */,
			);
			path = Supporting;
			sourceTree = "<group>";
		};
		B5B1D18529D9D96D006966FF /* OnBoardingScreen */ = {
			isa = PBXGroup;
			children = (
				B5B1D19229D9DC20006966FF /* OnBoardingScreenViewController.swift */,
			);
			path = OnBoardingScreen;
			sourceTree = "<group>";
		};
		B5B1D18629D9D974006966FF /* LoginScreen */ = {
			isa = PBXGroup;
			children = (
				B5B1D19629D9DC75006966FF /* LoginViewController.swift */,
			);
			path = LoginScreen;
			sourceTree = "<group>";
		};
		B5B1D18729D9D991006966FF /* SettingScreen */ = {
			isa = PBXGroup;
			children = (
				B5B1D19A29D9DCAC006966FF /* SettingViewController.swift */,
			);
			path = SettingScreen;
			sourceTree = "<group>";
		};
		B5B1D18829D9D9AD006966FF /* ProfileScreen */ = {
			isa = PBXGroup;
			children = (
				B5B1D19829D9DC8E006966FF /* ProfileViewController.swift */,
			);
			path = ProfileScreen;
			sourceTree = "<group>";
		};
		B5B1D18929D9D9CE006966FF /* MovieDetailScreen */ = {
			isa = PBXGroup;
			children = (
				B5B1D19C29D9DCCE006966FF /* MovieDetailViewController.swift */,
			);
			path = MovieDetailScreen;
			sourceTree = "<group>";
		};
		B5B1D18A29D9D9F7006966FF /* FilterView */ = {
			isa = PBXGroup;
			children = (
				B5B1D19E29D9DCFE006966FF /* FilterViewController.swift */,
			);
			path = FilterView;
			sourceTree = "<group>";
		};
		B5B1D18B29D9DA06006966FF /* ChangeAvatarView */ = {
			isa = PBXGroup;
			children = (
				B5B1D1A029D9DD1E006966FF /* ChangeAvatarViewController.swift */,
			);
			path = ChangeAvatarView;
			sourceTree = "<group>";
		};
		B5B1D18C29D9DA75006966FF /* SearchScreen */ = {
			isa = PBXGroup;
			children = (
				B5B1D1A429D9DD77006966FF /* SearchViewController.swift */,
			);
			path = SearchScreen;
			sourceTree = "<group>";
		};
		B5B1D18D29D9DA87006966FF /* Cell */ = {
			isa = PBXGroup;
			children = (
				B5B1D1A229D9DD4B006966FF /* MovieCell.swift */,
				87B2286129DD756A0088AF8F /* CategoryCell.swift */,
			);
			path = Cell;
			sourceTree = "<group>";
		};
		B5B1D18E29D9DB45006966FF /* HomeScreen */ = {
			isa = PBXGroup;
			children = (
				B5B1D1A629D9DD8E006966FF /* HomeViewController.swift */,
			);
			path = HomeScreen;
			sourceTree = "<group>";
		};
		B5B1D18F29D9DB8F006966FF /* NetworkService */ = {
			isa = PBXGroup;
			children = (
				B5B1D1A829D9DDA3006966FF /* NetworkService.swift */,
				B551395929DDFDC9005CD307 /* ApiKey.swift */,
			);
			path = NetworkService;
			sourceTree = "<group>";
		};
		B5B1D19029D9DB9A006966FF /* Service */ = {
			isa = PBXGroup;
			children = (
				B5B1D18F29D9DB8F006966FF /* NetworkService */,
			);
			path = Service;
			sourceTree = "<group>";
		};
		B5B1D19129D9DBD8006966FF /* RegisterScreen */ = {
			isa = PBXGroup;
			children = (
				B5B1D19429D9DC50006966FF /* RegisterViewController.swift */,
			);
			path = RegisterScreen;
			sourceTree = "<group>";
		};
		B5B1D1B729DA0787006966FF /* Components */ = {
			isa = PBXGroup;
			children = (
				B551395429DDEDD4005CD307 /* TextFieldWithLabelStack.swift */,
				8727A1CA29DB00B400C3D087 /* GoogleButton.swift */,
				63E01F7829DBEFED0010C6C7 /* TextFieldWithLabel.swift */,
				8E06F09E29DB5335006B2DED /* SearchTextField.swift */,
				B5B6B14D29DC47C500F79E98 /* LogOutTemplateButton.swift */,
				00F1E97329DC55DB00F5FBF7 /* CustomButton.swift */,
				B5B6B14F29DC688C00F79E98 /* TestComponentsViewController.swift */,
			);
			path = Components;
			sourceTree = "<group>";
		};
		C9B9F91534EAC03D42F01CA1 /* Pods */ = {
			isa = PBXGroup;
			children = (
				610D653D69895880F8210BB9 /* Pods-ch 3 MovieWatcher.debug.xcconfig */,
				D4C9D26B5DDDFDA94E958ED2 /* Pods-ch 3 MovieWatcher.release.xcconfig */,
			);
			path = Pods;
			sourceTree = "<group>";
		};
		F52403CAC45A47E1646FF26A /* Frameworks */ = {
			isa = PBXGroup;
			children = (
				359A23F88600928C5A777E35 /* Pods_ch_3_MovieWatcher.framework */,
			);
			name = Frameworks;
			sourceTree = "<group>";
		};
/* End PBXGroup section */

/* Begin PBXNativeTarget section */
		B5B1D16829D9D7B0006966FF /* ch 3 MovieWatcher */ = {
			isa = PBXNativeTarget;
			buildConfigurationList = B5B1D17D29D9D7B1006966FF /* Build configuration list for PBXNativeTarget "ch 3 MovieWatcher" */;
			buildPhases = (
				B5A79B6429DADF2500D9E5FE /* ShellScript */,
				C5713AC23CFB0436600AED25 /* [CP] Check Pods Manifest.lock */,
				B5B1D16529D9D7B0006966FF /* Sources */,
				B5B1D16629D9D7B0006966FF /* Frameworks */,
				B5B1D16729D9D7B0006966FF /* Resources */,
			);
			buildRules = (
			);
			dependencies = (
			);
			name = "ch 3 MovieWatcher";
			packageProductDependencies = (
				B5B1D1AB29D9DDE3006966FF /* Kingfisher */,
				B5B1D1AE29D9DE83006966FF /* FirebaseAuth */,
				B5B1D1B029D9DE83006966FF /* FirebaseFirestore */,
				B5B1D1B229D9DE83006966FF /* FirebaseStorage */,
				B5B1D1B529D9FBB1006966FF /* SnapKit */,
			);
			productName = "ch 3 MovieWatcher";
			productReference = B5B1D16929D9D7B0006966FF /* ch 3 MovieWatcher.app */;
			productType = "com.apple.product-type.application";
		};
/* End PBXNativeTarget section */

/* Begin PBXProject section */
		B5B1D16129D9D7B0006966FF /* Project object */ = {
			isa = PBXProject;
			attributes = {
				BuildIndependentTargetsInParallel = 1;
				LastSwiftUpdateCheck = 1410;
				LastUpgradeCheck = 1410;
				TargetAttributes = {
					B5B1D16829D9D7B0006966FF = {
						CreatedOnToolsVersion = 14.1;
					};
				};
			};
			buildConfigurationList = B5B1D16429D9D7B0006966FF /* Build configuration list for PBXProject "ch 3 MovieWatcher" */;
			compatibilityVersion = "Xcode 14.0";
			developmentRegion = en;
			hasScannedForEncodings = 0;
			knownRegions = (
				en,
				Base,
			);
			mainGroup = B5B1D16029D9D7B0006966FF;
			packageReferences = (
				B5B1D1AA29D9DDE3006966FF /* XCRemoteSwiftPackageReference "Kingfisher" */,
				B5B1D1AD29D9DE83006966FF /* XCRemoteSwiftPackageReference "firebase-ios-sdk" */,
				B5B1D1B429D9FBB1006966FF /* XCRemoteSwiftPackageReference "SnapKit" */,
			);
			productRefGroup = B5B1D16A29D9D7B0006966FF /* Products */;
			projectDirPath = "";
			projectRoot = "";
			targets = (
				B5B1D16829D9D7B0006966FF /* ch 3 MovieWatcher */,
			);
		};
/* End PBXProject section */

/* Begin PBXResourcesBuildPhase section */
		B5B1D16729D9D7B0006966FF /* Resources */ = {
			isa = PBXResourcesBuildPhase;
			buildActionMask = 2147483647;
			files = (
				B551396729DECDD9005CD307 /* PlusJakartaSans-Italic.ttf in Resources */,
				87B2286629DD9FB10088AF8F /* Montserrat.ttf in Resources */,
				B5B1D17929D9D7B1006966FF /* LaunchScreen.storyboard in Resources */,
				B551396629DECDD9005CD307 /* PlusJakartaSans-Light.ttf in Resources */,
				B551396429DECDD9005CD307 /* PlusJakartaSans-Medium.ttf in Resources */,
				B551396529DECDD9005CD307 /* PlusJakartaSans-Bold.ttf in Resources */,
				B5B1D17629D9D7B1006966FF /* Assets.xcassets in Resources */,
				B551396829DECDD9005CD307 /* PlusJakartaSans-Regular.ttf in Resources */,
				8708DB7929DC078300CEED97 /* PlusJakartaSans-SemiBold.ttf in Resources */,
			);
			runOnlyForDeploymentPostprocessing = 0;
		};
/* End PBXResourcesBuildPhase section */

/* Begin PBXShellScriptBuildPhase section */
		B5A79B6429DADF2500D9E5FE /* ShellScript */ = {
			isa = PBXShellScriptBuildPhase;
			buildActionMask = 2147483647;
			files = (
			);
			inputFileListPaths = (
			);
			inputPaths = (
			);
			outputFileListPaths = (
			);
			outputPaths = (
			);
			runOnlyForDeploymentPostprocessing = 0;
			shellPath = /bin/sh;
			shellScript = "\"${PODS_ROOT}/SwiftLint/swiftlint\"\n";
		};
		C5713AC23CFB0436600AED25 /* [CP] Check Pods Manifest.lock */ = {
			isa = PBXShellScriptBuildPhase;
			buildActionMask = 2147483647;
			files = (
			);
			inputFileListPaths = (
			);
			inputPaths = (
				"${PODS_PODFILE_DIR_PATH}/Podfile.lock",
				"${PODS_ROOT}/Manifest.lock",
			);
			name = "[CP] Check Pods Manifest.lock";
			outputFileListPaths = (
			);
			outputPaths = (
				"$(DERIVED_FILE_DIR)/Pods-ch 3 MovieWatcher-checkManifestLockResult.txt",
			);
			runOnlyForDeploymentPostprocessing = 0;
			shellPath = /bin/sh;
			shellScript = "diff \"${PODS_PODFILE_DIR_PATH}/Podfile.lock\" \"${PODS_ROOT}/Manifest.lock\" > /dev/null\nif [ $? != 0 ] ; then\n    # print error to STDERR\n    echo \"error: The sandbox is not in sync with the Podfile.lock. Run 'pod install' or update your CocoaPods installation.\" >&2\n    exit 1\nfi\n# This output is used by Xcode 'outputs' to avoid re-running this script phase.\necho \"SUCCESS\" > \"${SCRIPT_OUTPUT_FILE_0}\"\n";
			showEnvVarsInLog = 0;
		};
/* End PBXShellScriptBuildPhase section */

/* Begin PBXSourcesBuildPhase section */
		B5B1D16529D9D7B0006966FF /* Sources */ = {
			isa = PBXSourcesBuildPhase;
			buildActionMask = 2147483647;
			files = (
				B5B1D1A329D9DD4B006966FF /* MovieCell.swift in Sources */,
				B5B1D19729D9DC75006966FF /* LoginViewController.swift in Sources */,
				B551395529DDEDD4005CD307 /* TextFieldWithLabelStack.swift in Sources */,
				B5B1D17129D9D7B0006966FF /* ViewController.swift in Sources */,
				87B2286429DD76020088AF8F /* RecentWatchView.swift in Sources */,
				B5B1D18429D9D90A006966FF /* Resource.swift in Sources */,
				B5B1D19329D9DC20006966FF /* OnBoardingScreenViewController.swift in Sources */,
				B551396A29DED5BE005CD307 /* UIFont + ext.swift in Sources */,
				B5B1D1A729D9DD8E006966FF /* HomeViewController.swift in Sources */,
				B5B1D19D29D9DCCE006966FF /* MovieDetailViewController.swift in Sources */,
				B5B1D19F29D9DCFE006966FF /* FilterViewController.swift in Sources */,
				B551395A29DDFDC9005CD307 /* ApiKey.swift in Sources */,
				B5B1D19529D9DC50006966FF /* RegisterViewController.swift in Sources */,
				B5B6B14E29DC47C500F79E98 /* LogOutTemplateButton.swift in Sources */,
				B551395829DDFD98005CD307 /* MovieModel.swift in Sources */,
				B551395C29DDFF99005CD307 /* ApiError.swift in Sources */,
				B551394829DC9717005CD307 /* UIView + ext.swift in Sources */,
				B5B1D19B29D9DCAC006966FF /* SettingViewController.swift in Sources */,
				B5B1D1A929D9DDA3006966FF /* NetworkService.swift in Sources */,
				8727A1CB29DB00B400C3D087 /* GoogleButton.swift in Sources */,
				B551394C29DCA817005CD307 /* FavoriteViewController.swift in Sources */,
				B5B1D16D29D9D7B0006966FF /* AppDelegate.swift in Sources */,
				57E6209829DB4BFF00260AF5 /* CustomTabBarController.swift in Sources */,
				B5B1D19929D9DC8E006966FF /* ProfileViewController.swift in Sources */,
				63E01F7929DBEFED0010C6C7 /* TextFieldWithLabel.swift in Sources */,
				B5B1D1A129D9DD1E006966FF /* ChangeAvatarViewController.swift in Sources */,
				B5B6B15029DC688C00F79E98 /* TestComponentsViewController.swift in Sources */,
				B5B1D16F29D9D7B0006966FF /* SceneDelegate.swift in Sources */,
				B5B1D1A529D9DD77006966FF /* SearchViewController.swift in Sources */,
				87B2286229DD756A0088AF8F /* CategoryCell.swift in Sources */,
				00F1E97429DC55DB00F5FBF7 /* CustomButton.swift in Sources */,
				8E06F09F29DB5335006B2DED /* SearchTextField.swift in Sources */,
				B551394F29DCA886005CD307 /* RecantWatchViewController.swift in Sources */,
			);
			runOnlyForDeploymentPostprocessing = 0;
		};
/* End PBXSourcesBuildPhase section */

/* Begin PBXVariantGroup section */
		B5B1D17729D9D7B1006966FF /* LaunchScreen.storyboard */ = {
			isa = PBXVariantGroup;
			children = (
				B5B1D17829D9D7B1006966FF /* Base */,
			);
			name = LaunchScreen.storyboard;
			sourceTree = "<group>";
		};
/* End PBXVariantGroup section */

/* Begin XCBuildConfiguration section */
		B5B1D17B29D9D7B1006966FF /* Debug */ = {
			isa = XCBuildConfiguration;
			buildSettings = {
				ALWAYS_SEARCH_USER_PATHS = NO;
				CLANG_ANALYZER_NONNULL = YES;
				CLANG_ANALYZER_NUMBER_OBJECT_CONVERSION = YES_AGGRESSIVE;
				CLANG_CXX_LANGUAGE_STANDARD = "gnu++20";
				CLANG_ENABLE_MODULES = YES;
				CLANG_ENABLE_OBJC_ARC = YES;
				CLANG_ENABLE_OBJC_WEAK = YES;
				CLANG_WARN_BLOCK_CAPTURE_AUTORELEASING = YES;
				CLANG_WARN_BOOL_CONVERSION = YES;
				CLANG_WARN_COMMA = YES;
				CLANG_WARN_CONSTANT_CONVERSION = YES;
				CLANG_WARN_DEPRECATED_OBJC_IMPLEMENTATIONS = YES;
				CLANG_WARN_DIRECT_OBJC_ISA_USAGE = YES_ERROR;
				CLANG_WARN_DOCUMENTATION_COMMENTS = YES;
				CLANG_WARN_EMPTY_BODY = YES;
				CLANG_WARN_ENUM_CONVERSION = YES;
				CLANG_WARN_INFINITE_RECURSION = YES;
				CLANG_WARN_INT_CONVERSION = YES;
				CLANG_WARN_NON_LITERAL_NULL_CONVERSION = YES;
				CLANG_WARN_OBJC_IMPLICIT_RETAIN_SELF = YES;
				CLANG_WARN_OBJC_LITERAL_CONVERSION = YES;
				CLANG_WARN_OBJC_ROOT_CLASS = YES_ERROR;
				CLANG_WARN_QUOTED_INCLUDE_IN_FRAMEWORK_HEADER = YES;
				CLANG_WARN_RANGE_LOOP_ANALYSIS = YES;
				CLANG_WARN_STRICT_PROTOTYPES = YES;
				CLANG_WARN_SUSPICIOUS_MOVE = YES;
				CLANG_WARN_UNGUARDED_AVAILABILITY = YES_AGGRESSIVE;
				CLANG_WARN_UNREACHABLE_CODE = YES;
				CLANG_WARN__DUPLICATE_METHOD_MATCH = YES;
				COPY_PHASE_STRIP = NO;
				DEBUG_INFORMATION_FORMAT = dwarf;
				ENABLE_STRICT_OBJC_MSGSEND = YES;
				ENABLE_TESTABILITY = YES;
				GCC_C_LANGUAGE_STANDARD = gnu11;
				GCC_DYNAMIC_NO_PIC = NO;
				GCC_NO_COMMON_BLOCKS = YES;
				GCC_OPTIMIZATION_LEVEL = 0;
				GCC_PREPROCESSOR_DEFINITIONS = (
					"DEBUG=1",
					"$(inherited)",
				);
				GCC_WARN_64_TO_32_BIT_CONVERSION = YES;
				GCC_WARN_ABOUT_RETURN_TYPE = YES_ERROR;
				GCC_WARN_UNDECLARED_SELECTOR = YES;
				GCC_WARN_UNINITIALIZED_AUTOS = YES_AGGRESSIVE;
				GCC_WARN_UNUSED_FUNCTION = YES;
				GCC_WARN_UNUSED_VARIABLE = YES;
				IPHONEOS_DEPLOYMENT_TARGET = 13.0;
				MTL_ENABLE_DEBUG_INFO = INCLUDE_SOURCE;
				MTL_FAST_MATH = YES;
				ONLY_ACTIVE_ARCH = YES;
				SDKROOT = iphoneos;
				SWIFT_ACTIVE_COMPILATION_CONDITIONS = DEBUG;
				SWIFT_OPTIMIZATION_LEVEL = "-Onone";
			};
			name = Debug;
		};
		B5B1D17C29D9D7B1006966FF /* Release */ = {
			isa = XCBuildConfiguration;
			buildSettings = {
				ALWAYS_SEARCH_USER_PATHS = NO;
				CLANG_ANALYZER_NONNULL = YES;
				CLANG_ANALYZER_NUMBER_OBJECT_CONVERSION = YES_AGGRESSIVE;
				CLANG_CXX_LANGUAGE_STANDARD = "gnu++20";
				CLANG_ENABLE_MODULES = YES;
				CLANG_ENABLE_OBJC_ARC = YES;
				CLANG_ENABLE_OBJC_WEAK = YES;
				CLANG_WARN_BLOCK_CAPTURE_AUTORELEASING = YES;
				CLANG_WARN_BOOL_CONVERSION = YES;
				CLANG_WARN_COMMA = YES;
				CLANG_WARN_CONSTANT_CONVERSION = YES;
				CLANG_WARN_DEPRECATED_OBJC_IMPLEMENTATIONS = YES;
				CLANG_WARN_DIRECT_OBJC_ISA_USAGE = YES_ERROR;
				CLANG_WARN_DOCUMENTATION_COMMENTS = YES;
				CLANG_WARN_EMPTY_BODY = YES;
				CLANG_WARN_ENUM_CONVERSION = YES;
				CLANG_WARN_INFINITE_RECURSION = YES;
				CLANG_WARN_INT_CONVERSION = YES;
				CLANG_WARN_NON_LITERAL_NULL_CONVERSION = YES;
				CLANG_WARN_OBJC_IMPLICIT_RETAIN_SELF = YES;
				CLANG_WARN_OBJC_LITERAL_CONVERSION = YES;
				CLANG_WARN_OBJC_ROOT_CLASS = YES_ERROR;
				CLANG_WARN_QUOTED_INCLUDE_IN_FRAMEWORK_HEADER = YES;
				CLANG_WARN_RANGE_LOOP_ANALYSIS = YES;
				CLANG_WARN_STRICT_PROTOTYPES = YES;
				CLANG_WARN_SUSPICIOUS_MOVE = YES;
				CLANG_WARN_UNGUARDED_AVAILABILITY = YES_AGGRESSIVE;
				CLANG_WARN_UNREACHABLE_CODE = YES;
				CLANG_WARN__DUPLICATE_METHOD_MATCH = YES;
				COPY_PHASE_STRIP = NO;
				DEBUG_INFORMATION_FORMAT = "dwarf-with-dsym";
				ENABLE_NS_ASSERTIONS = NO;
				ENABLE_STRICT_OBJC_MSGSEND = YES;
				GCC_C_LANGUAGE_STANDARD = gnu11;
				GCC_NO_COMMON_BLOCKS = YES;
				GCC_WARN_64_TO_32_BIT_CONVERSION = YES;
				GCC_WARN_ABOUT_RETURN_TYPE = YES_ERROR;
				GCC_WARN_UNDECLARED_SELECTOR = YES;
				GCC_WARN_UNINITIALIZED_AUTOS = YES_AGGRESSIVE;
				GCC_WARN_UNUSED_FUNCTION = YES;
				GCC_WARN_UNUSED_VARIABLE = YES;
				IPHONEOS_DEPLOYMENT_TARGET = 13.0;
				MTL_ENABLE_DEBUG_INFO = NO;
				MTL_FAST_MATH = YES;
				SDKROOT = iphoneos;
				SWIFT_COMPILATION_MODE = wholemodule;
				SWIFT_OPTIMIZATION_LEVEL = "-O";
				VALIDATE_PRODUCT = YES;
			};
			name = Release;
		};
		B5B1D17E29D9D7B1006966FF /* Debug */ = {
			isa = XCBuildConfiguration;
			baseConfigurationReference = 610D653D69895880F8210BB9 /* Pods-ch 3 MovieWatcher.debug.xcconfig */;
			buildSettings = {
				ASSETCATALOG_COMPILER_APPICON_NAME = AppIcon;
				ASSETCATALOG_COMPILER_GLOBAL_ACCENT_COLOR_NAME = AccentColor;
				CODE_SIGN_STYLE = Automatic;
				CURRENT_PROJECT_VERSION = 1;
				DEVELOPMENT_TEAM = 37FQQ4WXUX;
				GENERATE_INFOPLIST_FILE = YES;
				INFOPLIST_FILE = "ch 3 MovieWatcher/Supporting/Info.plist";
				INFOPLIST_KEY_UIApplicationSupportsIndirectInputEvents = YES;
				INFOPLIST_KEY_UILaunchStoryboardName = LaunchScreen;
				INFOPLIST_KEY_UIMainStoryboardFile = "";
				INFOPLIST_KEY_UISupportedInterfaceOrientations = UIInterfaceOrientationPortrait;
				INFOPLIST_KEY_UISupportedInterfaceOrientations_iPad = "UIInterfaceOrientationLandscapeLeft UIInterfaceOrientationLandscapeRight UIInterfaceOrientationPortrait UIInterfaceOrientationPortraitUpsideDown";
				LD_RUNPATH_SEARCH_PATHS = (
					"$(inherited)",
					"@executable_path/Frameworks",
				);
				MARKETING_VERSION = 1.0;
				PRODUCT_BUNDLE_IDENTIFIER = "alexei.poprotskii.ch-3-MovieWatcher";
				PRODUCT_NAME = "$(TARGET_NAME)";
				SUPPORTED_PLATFORMS = "iphoneos iphonesimulator";
				SUPPORTS_MACCATALYST = NO;
				SUPPORTS_MAC_DESIGNED_FOR_IPHONE_IPAD = YES;
				SWIFT_EMIT_LOC_STRINGS = YES;
				SWIFT_VERSION = 5.0;
				TARGETED_DEVICE_FAMILY = 1;
			};
			name = Debug;
		};
		B5B1D17F29D9D7B1006966FF /* Release */ = {
			isa = XCBuildConfiguration;
			baseConfigurationReference = D4C9D26B5DDDFDA94E958ED2 /* Pods-ch 3 MovieWatcher.release.xcconfig */;
			buildSettings = {
				ASSETCATALOG_COMPILER_APPICON_NAME = AppIcon;
				ASSETCATALOG_COMPILER_GLOBAL_ACCENT_COLOR_NAME = AccentColor;
				CODE_SIGN_STYLE = Automatic;
				CURRENT_PROJECT_VERSION = 1;
				DEVELOPMENT_TEAM = 37FQQ4WXUX;
				GENERATE_INFOPLIST_FILE = YES;
				INFOPLIST_FILE = "ch 3 MovieWatcher/Supporting/Info.plist";
				INFOPLIST_KEY_UIApplicationSupportsIndirectInputEvents = YES;
				INFOPLIST_KEY_UILaunchStoryboardName = LaunchScreen;
				INFOPLIST_KEY_UIMainStoryboardFile = "";
				INFOPLIST_KEY_UISupportedInterfaceOrientations = UIInterfaceOrientationPortrait;
				INFOPLIST_KEY_UISupportedInterfaceOrientations_iPad = "UIInterfaceOrientationLandscapeLeft UIInterfaceOrientationLandscapeRight UIInterfaceOrientationPortrait UIInterfaceOrientationPortraitUpsideDown";
				LD_RUNPATH_SEARCH_PATHS = (
					"$(inherited)",
					"@executable_path/Frameworks",
				);
				MARKETING_VERSION = 1.0;
				PRODUCT_BUNDLE_IDENTIFIER = "alexei.poprotskii.ch-3-MovieWatcher";
				PRODUCT_NAME = "$(TARGET_NAME)";
				SUPPORTED_PLATFORMS = "iphoneos iphonesimulator";
				SUPPORTS_MACCATALYST = NO;
				SUPPORTS_MAC_DESIGNED_FOR_IPHONE_IPAD = YES;
				SWIFT_EMIT_LOC_STRINGS = YES;
				SWIFT_VERSION = 5.0;
				TARGETED_DEVICE_FAMILY = 1;
			};
			name = Release;
		};
/* End XCBuildConfiguration section */

/* Begin XCConfigurationList section */
		B5B1D16429D9D7B0006966FF /* Build configuration list for PBXProject "ch 3 MovieWatcher" */ = {
			isa = XCConfigurationList;
			buildConfigurations = (
				B5B1D17B29D9D7B1006966FF /* Debug */,
				B5B1D17C29D9D7B1006966FF /* Release */,
			);
			defaultConfigurationIsVisible = 0;
			defaultConfigurationName = Release;
		};
		B5B1D17D29D9D7B1006966FF /* Build configuration list for PBXNativeTarget "ch 3 MovieWatcher" */ = {
			isa = XCConfigurationList;
			buildConfigurations = (
				B5B1D17E29D9D7B1006966FF /* Debug */,
				B5B1D17F29D9D7B1006966FF /* Release */,
			);
			defaultConfigurationIsVisible = 0;
			defaultConfigurationName = Release;
		};
/* End XCConfigurationList section */

/* Begin XCRemoteSwiftPackageReference section */
		B5B1D1AA29D9DDE3006966FF /* XCRemoteSwiftPackageReference "Kingfisher" */ = {
			isa = XCRemoteSwiftPackageReference;
			repositoryURL = "https://github.com/onevcat/Kingfisher";
			requirement = {
				branch = master;
				kind = branch;
			};
		};
		B5B1D1AD29D9DE83006966FF /* XCRemoteSwiftPackageReference "firebase-ios-sdk" */ = {
			isa = XCRemoteSwiftPackageReference;
			repositoryURL = "https://github.com/firebase/firebase-ios-sdk";
			requirement = {
				kind = upToNextMajorVersion;
				minimumVersion = 9.0.0;
			};
		};
		B5B1D1B429D9FBB1006966FF /* XCRemoteSwiftPackageReference "SnapKit" */ = {
			isa = XCRemoteSwiftPackageReference;
			repositoryURL = "https://github.com/SnapKit/SnapKit";
			requirement = {
				branch = develop;
				kind = branch;
			};
		};
/* End XCRemoteSwiftPackageReference section */

/* Begin XCSwiftPackageProductDependency section */
		B5B1D1AB29D9DDE3006966FF /* Kingfisher */ = {
			isa = XCSwiftPackageProductDependency;
			package = B5B1D1AA29D9DDE3006966FF /* XCRemoteSwiftPackageReference "Kingfisher" */;
			productName = Kingfisher;
		};
		B5B1D1AE29D9DE83006966FF /* FirebaseAuth */ = {
			isa = XCSwiftPackageProductDependency;
			package = B5B1D1AD29D9DE83006966FF /* XCRemoteSwiftPackageReference "firebase-ios-sdk" */;
			productName = FirebaseAuth;
		};
		B5B1D1B029D9DE83006966FF /* FirebaseFirestore */ = {
			isa = XCSwiftPackageProductDependency;
			package = B5B1D1AD29D9DE83006966FF /* XCRemoteSwiftPackageReference "firebase-ios-sdk" */;
			productName = FirebaseFirestore;
		};
		B5B1D1B229D9DE83006966FF /* FirebaseStorage */ = {
			isa = XCSwiftPackageProductDependency;
			package = B5B1D1AD29D9DE83006966FF /* XCRemoteSwiftPackageReference "firebase-ios-sdk" */;
			productName = FirebaseStorage;
		};
		B5B1D1B529D9FBB1006966FF /* SnapKit */ = {
			isa = XCSwiftPackageProductDependency;
			package = B5B1D1B429D9FBB1006966FF /* XCRemoteSwiftPackageReference "SnapKit" */;
			productName = SnapKit;
		};
/* End XCSwiftPackageProductDependency section */
	};
	rootObject = B5B1D16129D9D7B0006966FF /* Project object */;
}
